<?xml version="1.0" encoding="utf-8"?>
<Project ToolsVersion="4.0" xmlns="http://schemas.microsoft.com/developer/msbuild/2003">
  <ItemGroup>
    <Filter Include="Source Files">
      <UniqueIdentifier>{4FC737F1-C7A5-4376-A066-2A32D752A2FF}</UniqueIdentifier>
      <Extensions>cpp;c;cc;cxx;c++;cppm;ixx;def;odl;idl;hpj;bat;asm;asmx</Extensions>
    </Filter>
    <Filter Include="Header Files">
      <UniqueIdentifier>{93995380-89BD-4b04-88EB-625FBE52EBFB}</UniqueIdentifier>
      <Extensions>h;hh;hpp;hxx;h++;hm;inl;inc;ipp;xsd</Extensions>
    </Filter>
    <Filter Include="Resource Files">
      <UniqueIdentifier>{67DA6AB6-F800-4c08-8B7A-83BB121AAD01}</UniqueIdentifier>
      <Extensions>rc;ico;cur;bmp;dlg;rc2;rct;bin;rgs;gif;jpg;jpeg;jpe;resx;tiff;tif;png;wav;mfcribbon-ms</Extensions>
    </Filter>
    <Filter Include="Resource Files\Textures">
      <UniqueIdentifier>{4040fc38-4ef3-4450-8d43-ae31f70a9889}</UniqueIdentifier>
    </Filter>
    <Filter Include="Resource Files\Shaders">
      <UniqueIdentifier>{8010023a-fe4e-4ad0-af98-fba16e0fe1ca}</UniqueIdentifier>
    </Filter>
    <Filter Include="Resource Files\Textures\Skybox">
      <UniqueIdentifier>{9102739b-d0a9-4bf8-9e19-aed1284879dd}</UniqueIdentifier>
    </Filter>
  </ItemGroup>
  <ItemGroup>
    <ClCompile Include="src\Main.cpp">
      <Filter>Source Files</Filter>
    </ClCompile>
    <ClCompile Include="src\render_engine\render_manager\RenderManager.cpp">
      <Filter>Source Files</Filter>
    </ClCompile>
    <ClCompile Include="src\glad.c">
      <Filter>Source Files</Filter>
    </ClCompile>
    <ClCompile Include="src\stb.cpp">
      <Filter>Source Files</Filter>
    </ClCompile>
    <ClCompile Include="src\render_engine\model\Mesh.cpp">
      <Filter>Source Files</Filter>
    </ClCompile>
    <ClCompile Include="src\render_engine\model\Model.cpp">
      <Filter>Source Files</Filter>
    </ClCompile>
    <ClCompile Include="src\imgui\imgui.cpp">
      <Filter>Source Files</Filter>
    </ClCompile>
    <ClCompile Include="src\imgui\imgui_impl_glfw.cpp">
      <Filter>Source Files</Filter>
    </ClCompile>
    <ClCompile Include="src\imgui\imgui_impl_opengl3.cpp">
      <Filter>Source Files</Filter>
    </ClCompile>
    <ClCompile Include="src\imgui\imgui_demo.cpp">
      <Filter>Source Files</Filter>
    </ClCompile>
    <ClCompile Include="src\imgui\imgui_draw.cpp">
      <Filter>Source Files</Filter>
    </ClCompile>
    <ClCompile Include="src\imgui\imgui_widgets.cpp">
      <Filter>Source Files</Filter>
    </ClCompile>
    <ClCompile Include="src\imgui\imgui_tables.cpp">
      <Filter>Source Files</Filter>
    </ClCompile>
    <ClCompile Include="src\render_engine\model\animation\Bone.cpp">
      <Filter>Source Files</Filter>
    </ClCompile>
    <ClCompile Include="src\render_engine\model\animation\Animation.cpp">
      <Filter>Source Files</Filter>
    </ClCompile>
    <ClCompile Include="src\render_engine\model\animation\Animator.cpp">
      <Filter>Source Files</Filter>
    </ClCompile>
    <ClCompile Include="src\mainloop\MainLoop.cpp">
      <Filter>Source Files</Filter>
    </ClCompile>
    <ClCompile Include="src\objects\PlayerCharacter.cpp">
      <Filter>Source Files</Filter>
    </ClCompile>
    <ClCompile Include="src\objects\DirectionalLight.cpp">
      <Filter>Source Files</Filter>
    </ClCompile>
    <ClCompile Include="src\imgui\ImGuizmo.cpp">
      <Filter>Source Files</Filter>
    </ClCompile>
    <ClCompile Include="src\imgui\ImSequencer.cpp">
      <Filter>Source Files</Filter>
    </ClCompile>
    <ClCompile Include="src\imgui\ImCurveEdit.cpp">
      <Filter>Source Files</Filter>
    </ClCompile>
    <ClCompile Include="src\imgui\ImGradient.cpp">
      <Filter>Source Files</Filter>
    </ClCompile>
    <ClCompile Include="src\imgui\GraphEditor.cpp">
      <Filter>Source Files</Filter>
    </ClCompile>
    <ClCompile Include="src\utils\PhysicsUtils.cpp">
      <Filter>Source Files</Filter>
    </ClCompile>
    <ClCompile Include="src\objects\BaseObject.cpp">
      <Filter>Source Files</Filter>
    </ClCompile>
    <ClCompile Include="src\imgui\imgui_stdlib.cpp">
      <Filter>Source Files</Filter>
    </ClCompile>
    <ClCompile Include="src\objects\PointLight.cpp">
      <Filter>Source Files</Filter>
    </ClCompile>
    <ClCompile Include="src\render_engine\resources\Resources.cpp">
      <Filter>Source Files</Filter>
    </ClCompile>
    <ClCompile Include="src\objects\YosemiteTerrain.cpp">
      <Filter>Source Files</Filter>
    </ClCompile>
    <ClCompile Include="src\utils\FileLoading.cpp">
      <Filter>Source Files</Filter>
    </ClCompile>
    <ClCompile Include="src\utils\tinyfiledialogs.c">
      <Filter>Source Files</Filter>
    </ClCompile>
    <ClCompile Include="src\utils\Utils.cpp">
      <Filter>Source Files</Filter>
    </ClCompile>
    <ClCompile Include="src\objects\ObjectTypes.cpp">
      <Filter>Source Files</Filter>
    </ClCompile>
    <ClCompile Include="src\utils\GameState.cpp">
      <Filter>Source Files</Filter>
    </ClCompile>
    <ClCompile Include="src\objects\WaterPuddle.cpp">
      <Filter>Source Files</Filter>
    </ClCompile>
    <ClCompile Include="src\objects\components\PhysicsComponents.cpp">
      <Filter>Source Files</Filter>
    </ClCompile>
    <ClCompile Include="src\objects\RiverDropoff.cpp">
      <Filter>Source Files</Filter>
    </ClCompile>
    <ClCompile Include="src\render_engine\material\Material.cpp">
      <Filter>Source Files</Filter>
    </ClCompile>
    <ClCompile Include="src\utils\Messages.cpp">
      <Filter>Source Files</Filter>
    </ClCompile>
    <ClCompile Include="src\utils\InputManager.cpp">
      <Filter>Source Files</Filter>
    </ClCompile>
    <ClCompile Include="src\render_engine\light\LightManager.cpp">
      <Filter>Source Files</Filter>
    </ClCompile>
    <ClCompile Include="src\render_engine\camera\Camera.cpp">
      <Filter>Source Files</Filter>
    </ClCompile>
    <ClCompile Include="src\objects\VoxelGroup.cpp">
      <Filter>Source Files</Filter>
    </ClCompile>
  </ItemGroup>
  <ItemGroup>
    <None Include="shaders\fragment.frag">
      <Filter>Resource Files\Shaders</Filter>
    </None>
    <None Include="shaders\lvlGrid.vert">
      <Filter>Resource Files\Shaders</Filter>
    </None>
    <None Include="shaders\model.frag" />
    <None Include="shaders\model.vert" />
    <None Include="shaders\skybox.frag" />
    <None Include="shaders\skybox.vert" />
    <None Include="shaders\shadow.vert" />
    <None Include="shaders\shadow_skinned.vert" />
    <None Include="shaders\do_nothing.frag" />
    <None Include="shaders\text.vert" />
    <None Include="shaders\text.frag" />
    <None Include="shaders\hdri_equirectangular.frag" />
    <None Include="shaders\cubemap.vert" />
    <None Include="shaders\irradiance_convolution.frag" />
    <None Include="shaders\pbr.frag" />
    <None Include="shaders\pbr.vert" />
    <None Include="shaders\prefilter.frag" />
    <None Include="shaders\brdf.vert" />
    <None Include="shaders\brdf.frag" />
    <None Include="shaders\csm_shadow.geom" />
    <None Include="shaders\csm_shadow.vert" />
    <None Include="shaders\debug_csm.vert" />
    <None Include="shaders\debug_csm.frag" />
    <None Include="shaders\postprocessing.frag" />
    <None Include="shaders\postprocessing.vert" />
    <None Include="shaders\bloom_postprocessing.vert" />
    <None Include="shaders\bloom_postprocessing.frag" />
    <None Include="shaders\point_shadow.frag" />
    <None Include="shaders\point_shadow.geom" />
    <None Include="shaders\point_shadow.vert" />
    <None Include="shaders\zelly.frag" />
    <None Include="shaders\hudUI.frag" />
    <None Include="shaders\hudUI.vert" />
    <None Include="shaders\color.frag" />
    <None Include="shaders\debug_picking.frag" />
    <None Include="shaders\lvlGrid.frag" />
    <None Include="shader\bloom_postprocessing.frag" />
    <None Include="shader\bloom_postprocessing.vert" />
    <None Include="shader\brdf.frag" />
    <None Include="shader\brdf.vert" />
    <None Include="shader\color.frag" />
    <None Include="shader\csm_shadow.geom" />
    <None Include="shader\csm_shadow.vert" />
    <None Include="shader\cubemap.vert" />
    <None Include="shader\debug_csm.frag" />
    <None Include="shader\debug_csm.vert" />
    <None Include="shader\debug_picking.frag" />
    <None Include="shader\do_nothing.frag" />
    <None Include="shader\hudUI.frag" />
    <None Include="shader\hudUI.vert" />
    <None Include="shader\irradiance_convolution.frag" />
    <None Include="shader\lvlGrid.frag" />
    <None Include="shader\lvlGrid.vert" />
    <None Include="shader\pbr.frag" />
    <None Include="shader\pbr.vert" />
    <None Include="shader\point_shadow.frag" />
    <None Include="shader\point_shadow.geom" />
    <None Include="shader\point_shadow.vert" />
    <None Include="shader\prefilter.frag" />
    <None Include="shader\skybox.frag" />
    <None Include="shader\text.frag" />
    <None Include="shader\text.vert" />
    <None Include="shader\zelly.frag" />
    <None Include="shader\postprocessing.frag" />
    <None Include="shader\postprocessing.vert" />
  </ItemGroup>
  <ItemGroup>
    <ClInclude Include="src\render_engine\render_manager\RenderManager.h">
      <Filter>Header Files</Filter>
    </ClInclude>
    <ClInclude Include="src\render_engine\model\Mesh.h">
      <Filter>Header Files</Filter>
    </ClInclude>
    <ClInclude Include="src\render_engine\model\Model.h">
      <Filter>Header Files</Filter>
    </ClInclude>
    <ClInclude Include="src\imgui\imconfig.h">
      <Filter>Header Files</Filter>
    </ClInclude>
    <ClInclude Include="src\imgui\imgui.h">
      <Filter>Header Files</Filter>
    </ClInclude>
    <ClInclude Include="src\imgui\imgui_impl_glfw.h">
      <Filter>Header Files</Filter>
    </ClInclude>
    <ClInclude Include="src\imgui\imgui_impl_opengl3.h">
      <Filter>Header Files</Filter>
    </ClInclude>
    <ClInclude Include="src\imgui\imgui_internal.h">
      <Filter>Header Files</Filter>
    </ClInclude>
    <ClInclude Include="src\imgui\imstb_textedit.h">
      <Filter>Header Files</Filter>
    </ClInclude>
    <ClInclude Include="src\imgui\imstb_rectpack.h">
      <Filter>Header Files</Filter>
    </ClInclude>
    <ClInclude Include="src\imgui\imstb_truetype.h">
      <Filter>Header Files</Filter>
    </ClInclude>
    <ClInclude Include="src\render_engine\model\animation\Bone.h">
      <Filter>Header Files</Filter>
    </ClInclude>
    <ClInclude Include="src\render_engine\model\animation\Animation.h">
      <Filter>Header Files</Filter>
    </ClInclude>
    <ClInclude Include="src\render_engine\model\animation\Animator.h">
      <Filter>Header Files</Filter>
    </ClInclude>
    <ClInclude Include="src\SkinningTech.h">
      <Filter>Header Files</Filter>
    </ClInclude>
    <ClInclude Include="src\mainloop\MainLoop.h">
      <Filter>Header Files</Filter>
    </ClInclude>
    <ClInclude Include="src\objects\BaseObject.h">
      <Filter>Header Files</Filter>
    </ClInclude>
    <ClInclude Include="src\objects\PlayerCharacter.h">
      <Filter>Header Files</Filter>
    </ClInclude>
    <ClInclude Include="src\objects\DirectionalLight.h">
      <Filter>Header Files</Filter>
    </ClInclude>
    <ClInclude Include="src\utils\PhysicsUtils.h">
      <Filter>Header Files</Filter>
    </ClInclude>
    <ClInclude Include="src\imgui\ImSequencer.h">
      <Filter>Header Files</Filter>
    </ClInclude>
    <ClInclude Include="src\imgui\ImGuizmo.h">
      <Filter>Header Files</Filter>
    </ClInclude>
    <ClInclude Include="src\imgui\ImZoomSlider.h">
      <Filter>Header Files</Filter>
    </ClInclude>
    <ClInclude Include="src\imgui\ImGradient.h">
      <Filter>Header Files</Filter>
    </ClInclude>
    <ClInclude Include="src\imgui\ImCurveEdit.h">
      <Filter>Header Files</Filter>
    </ClInclude>
    <ClInclude Include="src\imgui\GraphEditor.h">
      <Filter>Header Files</Filter>
    </ClInclude>
    <ClInclude Include="src\imgui\imgui_stdlib.h">
      <Filter>Header Files</Filter>
    </ClInclude>
    <ClInclude Include="src\objects\PointLight.h">
      <Filter>Header Files</Filter>
    </ClInclude>
    <ClInclude Include="src\render_engine\resources\Resources.h">
      <Filter>Header Files</Filter>
    </ClInclude>
    <ClInclude Include="src\objects\YosemiteTerrain.h">
      <Filter>Header Files</Filter>
    </ClInclude>
    <ClInclude Include="src\utils\FileLoading.h">
      <Filter>Header Files</Filter>
    </ClInclude>
    <ClInclude Include="src\utils\tinyfiledialogs.h">
      <Filter>Header Files</Filter>
    </ClInclude>
    <ClInclude Include="src\utils\Utils.h">
      <Filter>Header Files</Filter>
    </ClInclude>
    <ClInclude Include="src\utils\json.hpp">
      <Filter>Header Files</Filter>
    </ClInclude>
    <ClInclude Include="src\utils\GameState.h">
      <Filter>Header Files</Filter>
    </ClInclude>
    <ClInclude Include="src\objects\WaterPuddle.h">
      <Filter>Header Files</Filter>
    </ClInclude>
    <ClInclude Include="src\objects\components\PhysicsComponents.h">
      <Filter>Header Files</Filter>
    </ClInclude>
    <ClInclude Include="src\utils\PhysicsTypes.h">
      <Filter>Header Files</Filter>
    </ClInclude>
    <ClInclude Include="src\objects\RiverDropoff.h">
      <Filter>Header Files</Filter>
    </ClInclude>
    <ClInclude Include="src\render_engine\material\Material.h">
      <Filter>Header Files</Filter>
    </ClInclude>
    <ClInclude Include="src\utils\Messages.h">
      <Filter>Header Files</Filter>
    </ClInclude>
    <ClInclude Include="src\utils\InputManager.h">
      <Filter>Header Files</Filter>
    </ClInclude>
    <ClInclude Include="src\render_engine\light\LightManager.h">
      <Filter>Header Files</Filter>
    </ClInclude>
    <ClInclude Include="src\render_engine\camera\Camera.h">
      <Filter>Header Files</Filter>
    </ClInclude>
    <ClInclude Include="src\imgui\imgui_impl_opengl3_loader.h">
      <Filter>Header Files</Filter>
    </ClInclude>
    <ClInclude Include="src\objects\VoxelGroup.h">
      <Filter>Header Files</Filter>
    </ClInclude>
  </ItemGroup>
  <ItemGroup>
    <Image Include="res\skybox\bluecloud_bk.jpg">
      <Filter>Resource Files\Textures\Skybox</Filter>
    </Image>
    <Image Include="res\skybox\bluecloud_dn.jpg">
      <Filter>Resource Files\Textures\Skybox</Filter>
    </Image>
    <Image Include="res\skybox\bluecloud_ft.jpg">
      <Filter>Resource Files\Textures\Skybox</Filter>
    </Image>
    <Image Include="res\skybox\bluecloud_lf.jpg">
      <Filter>Resource Files\Textures\Skybox</Filter>
    </Image>
    <Image Include="res\skybox\bluecloud_rt.jpg">
      <Filter>Resource Files\Textures\Skybox</Filter>
    </Image>
    <Image Include="res\skybox\bluecloud_up.jpg">
      <Filter>Resource Files\Textures\Skybox</Filter>
    </Image>
  </ItemGroup>
</Project>